
Microsoft Visual Studio Solution File, Format Version 12.00
# Visual Studio Version 16
VisualStudioVersion = 16.0.33423.256
MinimumVisualStudioVersion = 10.0.40219.1
Project("{FAE04EC0-301F-11D3-BF4B-00C04F79EFBC}") = "WindowsFormsApp1", "WindowsFormsApp1\WindowsFormsApp1.csproj", "{2FC0B8B9-C1CD-4E67-A74E-531CAFAA9F90}"
EndProject
Global
	GlobalSection(SolutionConfigurationPlatforms) = preSolution
		Debug|Any CPU = Debug|Any CPU
		Release|Any CPU = Release|Any CPU
	EndGlobalSection
	GlobalSection(ProjectConfigurationPlatforms) = postSolution
		{2FC0B8B9-C1CD-4E67-A74E-531CAFAA9F90}.Debug|Any CPU.ActiveCfg = Debug|Any CPU
		{2FC0B8B9-C1CD-4E67-A74E-531CAFAA9F90}.Debug|Any CPU.Build.0 = Debug|Any CPU
		{2FC0B8B9-C1CD-4E67-A74E-531CAFAA9F90}.Release|Any CPU.ActiveCfg = Release|Any CPU
		{2FC0B8B9-C1CD-4E67-A74E-531CAFAA9F90}.Release|Any CPU.Build.0 = Release|Any CPU
	EndGlobalSection
	GlobalSection(SolutionProperties) = preSolution
		HideSolutionNode = FALSE
	EndGlobalSection
	GlobalSection(ExtensibilityGlobals) = postSolution
		SolutionGuid = {FB2ECA59-30B4-4053-81B4-03A14B5B25FB}
	EndGlobalSection
EndGlobal
